// !$*UTF8*$!
{
	archiveVersion = 1;
	classes = {
	};
	objectVersion = 50;
	objects = {

/* Begin PBXBuildFile section */
		CEF5ACBE264976B80002C4AE /* AppDelegate.swift in Sources */ = {isa = PBXBuildFile; fileRef = CEF5ACBD264976B80002C4AE /* AppDelegate.swift */; };
		CEF5ACC0264976B80002C4AE /* SceneDelegate.swift in Sources */ = {isa = PBXBuildFile; fileRef = CEF5ACBF264976B80002C4AE /* SceneDelegate.swift */; };
		CEF5ACC2264976B80002C4AE /* ViewController.swift in Sources */ = {isa = PBXBuildFile; fileRef = CEF5ACC1264976B80002C4AE /* ViewController.swift */; };
		CEF5ACC5264976B80002C4AE /* Main.storyboard in Resources */ = {isa = PBXBuildFile; fileRef = CEF5ACC3264976B80002C4AE /* Main.storyboard */; };
		CEF5ACC7264976BB0002C4AE /* Assets.xcassets in Resources */ = {isa = PBXBuildFile; fileRef = CEF5ACC6264976BB0002C4AE /* Assets.xcassets */; };
		CEF5ACCA264976BB0002C4AE /* LaunchScreen.storyboard in Resources */ = {isa = PBXBuildFile; fileRef = CEF5ACC8264976BB0002C4AE /* LaunchScreen.storyboard */; };
		CEF5ACD4264A1E410002C4AE /* Common.swift in Sources */ = {isa = PBXBuildFile; fileRef = CEF5ACD3264A1E410002C4AE /* Common.swift */; };
/* End PBXBuildFile section */

/* Begin PBXFileReference section */
		CEF5ACBA264976B80002C4AE /* forecast.app */ = {isa = PBXFileReference; explicitFileType = wrapper.application; includeInIndex = 0; path = forecast.app; sourceTree = BUILT_PRODUCTS_DIR; };
		CEF5ACBD264976B80002C4AE /* AppDelegate.swift */ = {isa = PBXFileReference; lastKnownFileType = sourcecode.swift; path = AppDelegate.swift; sourceTree = "<group>"; };
		CEF5ACBF264976B80002C4AE /* SceneDelegate.swift */ = {isa = PBXFileReference; lastKnownFileType = sourcecode.swift; path = SceneDelegate.swift; sourceTree = "<group>"; };
		CEF5ACC1264976B80002C4AE /* ViewController.swift */ = {isa = PBXFileReference; lastKnownFileType = sourcecode.swift; path = ViewController.swift; sourceTree = "<group>"; };
		CEF5ACC4264976B80002C4AE /* Base */ = {isa = PBXFileReference; lastKnownFileType = file.storyboard; name = Base; path = Base.lproj/Main.storyboard; sourceTree = "<group>"; };
		CEF5ACC6264976BB0002C4AE /* Assets.xcassets */ = {isa = PBXFileReference; lastKnownFileType = folder.assetcatalog; path = Assets.xcassets; sourceTree = "<group>"; };
		CEF5ACC9264976BB0002C4AE /* Base */ = {isa = PBXFileReference; lastKnownFileType = file.storyboard; name = Base; path = Base.lproj/LaunchScreen.storyboard; sourceTree = "<group>"; };
		CEF5ACCB264976BB0002C4AE /* Info.plist */ = {isa = PBXFileReference; lastKnownFileType = text.plist.xml; path = Info.plist; sourceTree = "<group>"; };
		CEF5ACD3264A1E410002C4AE /* Common.swift */ = {isa = PBXFileReference; lastKnownFileType = sourcecode.swift; path = Common.swift; sourceTree = "<group>"; };
/* End PBXFileReference section */

/* Begin PBXFrameworksBuildPhase section */
		CEF5ACB7264976B80002C4AE /* Frameworks */ = {
			isa = PBXFrameworksBuildPhase;
			buildActionMask = 2147483647;
			files = (
			);
			runOnlyForDeploymentPostprocessing = 0;
		};
/* End PBXFrameworksBuildPhase section */

/* Begin PBXGroup section */
		CEF5ACB1264976B80002C4AE = {
			isa = PBXGroup;
			children = (
				CEF5ACBC264976B80002C4AE /* forecast */,
				CEF5ACBB264976B80002C4AE /* Products */,
			);
			sourceTree = "<group>";
		};
		CEF5ACBB264976B80002C4AE /* Products */ = {
			isa = PBXGroup;
			children = (
				CEF5ACBA264976B80002C4AE /* forecast.app */,
			);
			name = Products;
			sourceTree = "<group>";
		};
		CEF5ACBC264976B80002C4AE /* forecast */ = {
			isa = PBXGroup;
			children = (
				CEF5ACBD264976B80002C4AE /* AppDelegate.swift */,
				CEF5ACBF264976B80002C4AE /* SceneDelegate.swift */,
				CEF5ACD3264A1E410002C4AE /* Common.swift */,
				CEF5ACC1264976B80002C4AE /* ViewController.swift */,
				CEF5ACC3264976B80002C4AE /* Main.storyboard */,
				CEF5ACC6264976BB0002C4AE /* Assets.xcassets */,
				CEF5ACC8264976BB0002C4AE /* LaunchScreen.storyboard */,
				CEF5ACCB264976BB0002C4AE /* Info.plist */,
			);
			path = forecast;
			sourceTree = "<group>";
		};
/* End PBXGroup section */

/* Begin PBXNativeTarget section */
		CEF5ACB9264976B80002C4AE /* forecast */ = {
			isa = PBXNativeTarget;
			buildConfigurationList = CEF5ACCE264976BB0002C4AE /* Build configuration list for PBXNativeTarget "forecast" */;
			buildPhases = (
				CEF5ACB6264976B80002C4AE /* Sources */,
				CEF5ACB7264976B80002C4AE /* Frameworks */,
				CEF5ACB8264976B80002C4AE /* Resources */,
			);
			buildRules = (
			);
			dependencies = (
			);
			name = forecast;
			productName = forecast;
			productReference = CEF5ACBA264976B80002C4AE /* forecast.app */;
			productType = "com.apple.product-type.application";
		};
/* End PBXNativeTarget section */

/* Begin PBXProject section */
		CEF5ACB2264976B80002C4AE /* Project object */ = {
			isa = PBXProject;
			attributes = {
				LastSwiftUpdateCheck = 1240;
				LastUpgradeCheck = 1240;
				TargetAttributes = {
					CEF5ACB9264976B80002C4AE = {
						CreatedOnToolsVersion = 12.4;
					};
				};
			};
			buildConfigurationList = CEF5ACB5264976B80002C4AE /* Build configuration list for PBXProject "forecast" */;
			compatibilityVersion = "Xcode 9.3";
			developmentRegion = en;
			hasScannedForEncodings = 0;
			knownRegions = (
				en,
				Base,
			);
			mainGroup = CEF5ACB1264976B80002C4AE;
			productRefGroup = CEF5ACBB264976B80002C4AE /* Products */;
			projectDirPath = "";
			projectRoot = "";
			targets = (
				CEF5ACB9264976B80002C4AE /* forecast */,
			);
		};
/* End PBXProject section */

/* Begin PBXResourcesBuildPhase section */
		CEF5ACB8264976B80002C4AE /* Resources */ = {
			isa = PBXResourcesBuildPhase;
			buildActionMask = 2147483647;
			files = (
				CEF5ACCA264976BB0002C4AE /* LaunchScreen.storyboard in Resources */,
				CEF5ACC7264976BB0002C4AE /* Assets.xcassets in Resources */,
				CEF5ACC5264976B80002C4AE /* Main.storyboard in Resources */,
			);
			runOnlyForDeploymentPostprocessing = 0;
		};
/* End PBXResourcesBuildPhase section */

/* Begin PBXSourcesBuildPhase section */
		CEF5ACB6264976B80002C4AE /* Sources */ = {
			isa = PBXSourcesBuildPhase;
			buildActionMask = 2147483647;
			files = (
				CEF5ACD4264A1E410002C4AE /* Common.swift in Sources */,
				CEF5ACC2264976B80002C4AE /* ViewController.swift in Sources */,
				CEF5ACBE264976B80002C4AE /* AppDelegate.swift in Sources */,
				CEF5ACC0264976B80002C4AE /* SceneDelegate.swift in Sources */,
			);
			runOnlyForDeploymentPostprocessing = 0;
		};
/* End PBXSourcesBuildPhase section */

/* Begin PBXVariantGroup section */
		CEF5ACC3264976B80002C4AE /* Main.storyboard */ = {
			isa = PBXVariantGroup;
			children = (
				CEF5ACC4264976B80002C4AE /* Base */,
			);
			name = Main.storyboard;
			sourceTree = "<group>";
		};
		CEF5ACC8264976BB0002C4AE /* LaunchScreen.storyboard */ = {
			isa = PBXVariantGroup;
			children = (
				CEF5ACC9264976BB0002C4AE /* Base */,
			);
			name = LaunchScreen.storyboard;
			sourceTree = "<group>";
		};
/* End PBXVariantGroup section */

/* Begin XCBuildConfiguration section */
		CEF5ACCC264976BB0002C4AE /* Debug */ = {
			isa = XCBuildConfiguration;
			buildSettings = {
				ALWAYS_SEARCH_USER_PATHS = NO;
				CLANG_ANALYZER_NONNULL = YES;
				CLANG_ANALYZER_NUMBER_OBJECT_CONVERSION = YES_AGGRESSIVE;
				CLANG_CXX_LANGUAGE_STANDARD = "gnu++14";
				CLANG_CXX_LIBRARY = "libc++";
				CLANG_ENABLE_MODULES = YES;
				CLANG_ENABLE_OBJC_ARC = YES;
				CLANG_ENABLE_OBJC_WEAK = YES;
				CLANG_WARN_BLOCK_CAPTURE_AUTORELEASING = YES;
				CLANG_WARN_BOOL_CONVERSION = YES;
				CLANG_WARN_COMMA = YES;
				CLANG_WARN_CONSTANT_CONVERSION = YES;
				CLANG_WARN_DEPRECATED_OBJC_IMPLEMENTATIONS = YES;
				CLANG_WARN_DIRECT_OBJC_ISA_USAGE = YES_ERROR;
				CLANG_WARN_DOCUMENTATION_COMMENTS = YES;
				CLANG_WARN_EMPTY_BODY = YES;
				CLANG_WARN_ENUM_CONVERSION = YES;
				CLANG_WARN_INFINITE_RECURSION = YES;
				CLANG_WARN_INT_CONVERSION = YES;
				CLANG_WARN_NON_LITERAL_NULL_CONVERSION = YES;
				CLANG_WARN_OBJC_IMPLICIT_RETAIN_SELF = YES;
				CLANG_WARN_OBJC_LITERAL_CONVERSION = YES;
				CLANG_WARN_OBJC_ROOT_CLASS = YES_ERROR;
				CLANG_WARN_QUOTED_INCLUDE_IN_FRAMEWORK_HEADER = YES;
				CLANG_WARN_RANGE_LOOP_ANALYSIS = YES;
				CLANG_WARN_STRICT_PROTOTYPES = YES;
				CLANG_WARN_SUSPICIOUS_MOVE = YES;
				CLANG_WARN_UNGUARDED_AVAILABILITY = YES_AGGRESSIVE;
				CLANG_WARN_UNREACHABLE_CODE = YES;
				CLANG_WARN__DUPLICATE_METHOD_MATCH = YES;
				COPY_PHASE_STRIP = NO;
				DEBUG_INFORMATION_FORMAT = dwarf;
				ENABLE_STRICT_OBJC_MSGSEND = YES;
				ENABLE_TESTABILITY = YES;
				GCC_C_LANGUAGE_STANDARD = gnu11;
				GCC_DYNAMIC_NO_PIC = NO;
				GCC_NO_COMMON_BLOCKS = YES;
				GCC_OPTIMIZATION_LEVEL = 0;
				GCC_PREPROCESSOR_DEFINITIONS = (
					"DEBUG=1",
					"$(inherited)",
				);
				GCC_WARN_64_TO_32_BIT_CONVERSION = YES;
				GCC_WARN_ABOUT_RETURN_TYPE = YES_ERROR;
				GCC_WARN_UNDECLARED_SELECTOR = YES;
				GCC_WARN_UNINITIALIZED_AUTOS = YES_AGGRESSIVE;
				GCC_WARN_UNUSED_FUNCTION = YES;
				GCC_WARN_UNUSED_VARIABLE = YES;
				IPHONEOS_DEPLOYMENT_TARGET = 14.4;
				MTL_ENABLE_DEBUG_INFO = INCLUDE_SOURCE;
				MTL_FAST_MATH = YES;
				ONLY_ACTIVE_ARCH = YES;
				SDKROOT = iphoneos;
				SWIFT_ACTIVE_COMPILATION_CONDITIONS = DEBUG;
				SWIFT_OPTIMIZATION_LEVEL = "-Onone";
			};
			name = Debug;
		};
		CEF5ACCD264976BB0002C4AE /* Release */ = {
			isa = XCBuildConfiguration;
			buildSettings = {
				ALWAYS_SEARCH_USER_PATHS = NO;
				CLANG_ANALYZER_NONNULL = YES;
				CLANG_ANALYZER_NUMBER_OBJECT_CONVERSION = YES_AGGRESSIVE;
				CLANG_CXX_LANGUAGE_STANDARD = "gnu++14";
				CLANG_CXX_LIBRARY = "libc++";
				CLANG_ENABLE_MODULES = YES;
				CLANG_ENABLE_OBJC_ARC = YES;
				CLANG_ENABLE_OBJC_WEAK = YES;
				CLANG_WARN_BLOCK_CAPTURE_AUTORELEASING = YES;
				CLANG_WARN_BOOL_CONVERSION = YES;
				CLANG_WARN_COMMA = YES;
				CLANG_WARN_CONSTANT_CONVERSION = YES;
				CLANG_WARN_DEPRECATED_OBJC_IMPLEMENTATIONS = YES;
				CLANG_WARN_DIRECT_OBJC_ISA_USAGE = YES_ERROR;
				CLANG_WARN_DOCUMENTATION_COMMENTS = YES;
				CLANG_WARN_EMPTY_BODY = YES;
				CLANG_WARN_ENUM_CONVERSION = YES;
				CLANG_WARN_INFINITE_RECURSION = YES;
				CLANG_WARN_INT_CONVERSION = YES;
				CLANG_WARN_NON_LITERAL_NULL_CONVERSION = YES;
				CLANG_WARN_OBJC_IMPLICIT_RETAIN_SELF = YES;
				CLANG_WARN_OBJC_LITERAL_CONVERSION = YES;
				CLANG_WARN_OBJC_ROOT_CLASS = YES_ERROR;
				CLANG_WARN_QUOTED_INCLUDE_IN_FRAMEWORK_HEADER = YES;
				CLANG_WARN_RANGE_LOOP_ANALYSIS = YES;
				CLANG_WARN_STRICT_PROTOTYPES = YES;
				CLANG_WARN_SUSPICIOUS_MOVE = YES;
				CLANG_WARN_UNGUARDED_AVAILABILITY = YES_AGGRESSIVE;
				CLANG_WARN_UNREACHABLE_CODE = YES;
				CLANG_WARN__DUPLICATE_METHOD_MATCH = YES;
				COPY_PHASE_STRIP = NO;
				DEBUG_INFORMATION_FORMAT = "dwarf-with-dsym";
				ENABLE_NS_ASSERTIONS = NO;
				ENABLE_STRICT_OBJC_MSGSEND = YES;
				GCC_C_LANGUAGE_STANDARD = gnu11;
				GCC_NO_COMMON_BLOCKS = YES;
				GCC_WARN_64_TO_32_BIT_CONVERSION = YES;
				GCC_WARN_ABOUT_RETURN_TYPE = YES_ERROR;
				GCC_WARN_UNDECLARED_SELECTOR = YES;
				GCC_WARN_UNINITIALIZED_AUTOS = YES_AGGRESSIVE;
				GCC_WARN_UNUSED_FUNCTION = YES;
				GCC_WARN_UNUSED_VARIABLE = YES;
				IPHONEOS_DEPLOYMENT_TARGET = 14.4;
				MTL_ENABLE_DEBUG_INFO = NO;
				MTL_FAST_MATH = YES;
				SDKROOT = iphoneos;
				SWIFT_COMPILATION_MODE = wholemodule;
				SWIFT_OPTIMIZATION_LEVEL = "-O";
				VALIDATE_PRODUCT = YES;
			};
			name = Release;
		};
		CEF5ACCF264976BB0002C4AE /* Debug */ = {
			isa = XCBuildConfiguration;
			buildSettings = {
				ASSETCATALOG_COMPILER_APPICON_NAME = AppIcon;
				ASSETCATALOG_COMPILER_GLOBAL_ACCENT_COLOR_NAME = AccentColor;
				CODE_SIGN_STYLE = Automatic;
				DEVELOPMENT_TEAM = 5D5SG6DZA9;
				INFOPLIST_FILE = forecast/Info.plist;
				IPHONEOS_DEPLOYMENT_TARGET = 11.0;
				LD_RUNPATH_SEARCH_PATHS = (
					"$(inherited)",
					"@executable_path/Frameworks",
				);
				PRODUCT_BUNDLE_IDENTIFIER = com.taelee.forecast;
				PRODUCT_NAME = "$(TARGET_NAME)";
				SWIFT_VERSION = 5.0;
				TARGETED_DEVICE_FAMILY = "1,2";
			};
			name = Debug;
		};
		CEF5ACD0264976BB0002C4AE /* Release */ = {
			isa = XCBuildConfiguration;
			buildSettings = {
				ASSETCATALOG_COMPILER_APPICON_NAME = AppIcon;
				ASSETCATALOG_COMPILER_GLOBAL_ACCENT_COLOR_NAME = AccentColor;
				CODE_SIGN_STYLE = Automatic;
				DEVELOPMENT_TEAM = 5D5SG6DZA9;
				INFOPLIST_FILE = forecast/Info.plist;
				IPHONEOS_DEPLOYMENT_TARGET = 11.0;
				LD_RUNPATH_SEARCH_PATHS = (
					"$(inherited)",
					"@executable_path/Frameworks",
				);
				PRODUCT_BUNDLE_IDENTIFIER = com.taelee.forecast;
				PRODUCT_NAME = "$(TARGET_NAME)";
				SWIFT_VERSION = 5.0;
				TARGETED_DEVICE_FAMILY = "1,2";
			};
			name = Release;
		};
/* End XCBuildConfiguration section */

/* Begin XCConfigurationList section */
		CEF5ACB5264976B80002C4AE /* Build configuration list for PBXProject "forecast" */ = {
			isa = XCConfigurationList;
			buildConfigurations = (
				CEF5ACCC264976BB0002C4AE /* Debug */,
				CEF5ACCD264976BB0002C4AE /* Release */,
			);
			defaultConfigurationIsVisible = 0;
			defaultConfigurationName = Release;
		};
		CEF5ACCE264976BB0002C4AE /* Build configuration list for PBXNativeTarget "forecast" */ = {
			isa = XCConfigurationList;
			buildConfigurations = (
				CEF5ACCF264976BB0002C4AE /* Debug */,
				CEF5ACD0264976BB0002C4AE /* Release */,
			);
			defaultConfigurationIsVisible = 0;
			defaultConfigurationName = Release;
		};
/* End XCConfigurationList section */
	};
	rootObject = CEF5ACB2264976B80002C4AE /* Project object */;
}
